module.eks.module.eks_managed_node_group["spot"].data.aws_caller_identity.current: Reading...
module.eks.module.eks_managed_node_group["general"].data.aws_caller_identity.current: Reading...
module.eks.module.kms.data.aws_partition.current: Reading...
module.eks.module.kms.data.aws_caller_identity.current: Reading...
module.cluster_autoscaler_irsa_role.data.aws_partition.current: Reading...
module.eks.data.aws_partition.current: Reading...
module.cluster_autoscaler_irsa_role.data.aws_caller_identity.current: Reading...
module.eks.module.eks_managed_node_group["general"].data.aws_partition.current: Reading...
module.eks_admins_iam_group.data.aws_caller_identity.current[0]: Reading...
module.eks.module.eks_managed_node_group["general"].data.aws_partition.current: Read complete after 0s [id=aws]
module.eks.data.aws_partition.current: Read complete after 0s [id=aws]
module.cluster_autoscaler_irsa_role.data.aws_partition.current: Read complete after 0s [id=aws]
module.eks.module.kms.data.aws_partition.current: Read complete after 0s [id=aws]
module.eks_admins_iam_group.data.aws_partition.current: Reading...
module.eks.module.eks_managed_node_group["spot"].data.aws_partition.current: Reading...
module.eks_admins_iam_group.data.aws_partition.current: Read complete after 0s [id=aws]
module.eks.module.eks_managed_node_group["spot"].data.aws_partition.current: Read complete after 0s [id=aws]
module.eks.data.aws_caller_identity.current: Reading...
module.aws_load_balancer_controller_irsa_role.data.aws_partition.current: Reading...
module.aws_load_balancer_controller_irsa_role.data.aws_partition.current: Read complete after 0s [id=aws]
module.aws_load_balancer_controller_irsa_role.data.aws_caller_identity.current: Reading...
module.eks.module.eks_managed_node_group["general"].data.aws_iam_policy_document.assume_role_policy[0]: Reading...
module.eks.module.eks_managed_node_group["spot"].data.aws_iam_policy_document.assume_role_policy[0]: Reading...
module.eks.module.eks_managed_node_group["spot"].data.aws_iam_policy_document.assume_role_policy[0]: Read complete after 0s [id=2560088296]
module.eks.module.eks_managed_node_group["general"].data.aws_iam_policy_document.assume_role_policy[0]: Read complete after 0s [id=2560088296]
module.eks.data.aws_iam_policy_document.assume_role_policy[0]: Reading...
module.eks.data.aws_iam_policy_document.assume_role_policy[0]: Read complete after 0s [id=2764486067]
module.aws_load_balancer_controller_irsa_role.data.aws_iam_policy_document.load_balancer_controller[0]: Reading...
module.aws_load_balancer_controller_irsa_role.data.aws_iam_policy_document.load_balancer_controller[0]: Read complete after 0s [id=1283547419]
module.eks.module.eks_managed_node_group["spot"].data.aws_caller_identity.current: Read complete after 0s [id=240195868935]
module.eks.module.eks_managed_node_group["general"].data.aws_caller_identity.current: Read complete after 0s [id=240195868935]
module.eks.data.aws_caller_identity.current: Read complete after 0s [id=240195868935]
module.cluster_autoscaler_irsa_role.data.aws_caller_identity.current: Read complete after 0s [id=240195868935]
module.aws_load_balancer_controller_irsa_role.data.aws_caller_identity.current: Read complete after 0s [id=240195868935]
module.eks_admins_iam_group.data.aws_caller_identity.current[0]: Read complete after 0s [id=240195868935]
module.eks.module.kms.data.aws_caller_identity.current: Read complete after 0s [id=240195868935]
module.eks_admins_iam_group.data.aws_iam_policy_document.iam_self_management: Reading...
module.eks_admins_iam_group.data.aws_iam_policy_document.iam_self_management: Read complete after 0s [id=1531655746]

Terraform used the selected providers to generate the following execution
plan. Resource actions are indicated with the following symbols:
  + create
 <= read (data resources)

Terraform will perform the following actions:

  # data.aws_eks_cluster.default will be read during apply
  # (config refers to values not yet known)
 <= data "aws_eks_cluster" "default" {
      + arn                       = (known after apply)
      + certificate_authority     = (known after apply)
      + cluster_id                = (known after apply)
      + created_at                = (known after apply)
      + enabled_cluster_log_types = (known after apply)
      + endpoint                  = (known after apply)
      + id                        = (known after apply)
      + identity                  = (known after apply)
      + kubernetes_network_config = (known after apply)
      + name                      = (known after apply)
      + outpost_config            = (known after apply)
      + platform_version          = (known after apply)
      + role_arn                  = (known after apply)
      + status                    = (known after apply)
      + tags                      = (known after apply)
      + version                   = (known after apply)
      + vpc_config                = (known after apply)
    }

  # data.aws_eks_cluster_auth.default will be read during apply
  # (config refers to values not yet known)
 <= data "aws_eks_cluster_auth" "default" {
      + id    = (known after apply)
      + name  = (known after apply)
      + token = (sensitive value)
    }

  # helm_release.aws_load_balancer_controller will be created
  + resource "helm_release" "aws_load_balancer_controller" {
      + atomic                     = false
      + chart                      = "aws-load-balancer-controller"
      + cleanup_on_fail            = false
      + create_namespace           = false
      + dependency_update          = false
      + disable_crd_hooks          = false
      + disable_openapi_validation = false
      + disable_webhooks           = false
      + force_update               = false
      + id                         = (known after apply)
      + lint                       = false
      + manifest                   = (known after apply)
      + max_history                = 0
      + metadata                   = (known after apply)
      + name                       = "aws-load-balancer-controller"
      + namespace                  = "kube-system"
      + pass_credentials           = false
      + recreate_pods              = false
      + render_subchart_notes      = true
      + replace                    = false
      + repository                 = "https://aws.github.io/eks-charts"
      + reset_values               = false
      + reuse_values               = false
      + skip_crds                  = false
      + status                     = "deployed"
      + timeout                    = 300
      + verify                     = false
      + version                    = "1.4.4"
      + wait                       = true
      + wait_for_jobs              = false

      + set {
          + name  = "clusterName"
          + value = (known after apply)
        }
      + set {
          + name  = "replicaCount"
          + value = "1"
        }
      + set {
          + name  = "serviceAccount.annotations.eks\\.amazonaws\\.com/role-arn"
          + value = (known after apply)
        }
      + set {
          + name  = "serviceAccount.name"
          + value = "aws-load-balancer-controller"
        }
    }

  # kubectl_manifest.cluster_role will be created
  + resource "kubectl_manifest" "cluster_role" {
      + api_version             = "rbac.authorization.k8s.io/v1"
      + apply_only              = false
      + force_conflicts         = false
      + force_new               = false
      + id                      = (known after apply)
      + kind                    = "ClusterRole"
      + live_manifest_incluster = (sensitive value)
      + live_uid                = (known after apply)
      + name                    = "cluster-autoscaler"
      + namespace               = (known after apply)
      + server_side_apply       = false
      + uid                     = (known after apply)
      + validate_schema         = true
      + wait_for_rollout        = true
      + yaml_body               = (sensitive value)
      + yaml_body_parsed        = <<-EOT
            apiVersion: rbac.authorization.k8s.io/v1
            kind: ClusterRole
            metadata:
              labels:
                k8s-addon: cluster-autoscaler.addons.k8s.io
                k8s-app: cluster-autoscaler
              name: cluster-autoscaler
            rules:
            - apiGroups:
              - ""
              resources:
              - events
              - endpoints
              verbs:
              - create
              - patch
            - apiGroups:
              - ""
              resources:
              - pods/eviction
              verbs:
              - create
            - apiGroups:
              - ""
              resources:
              - pods/status
              verbs:
              - update
            - apiGroups:
              - ""
              resourceNames:
              - cluster-autoscaler
              resources:
              - endpoints
              verbs:
              - get
              - update
            - apiGroups:
              - ""
              resources:
              - nodes
              verbs:
              - watch
              - list
              - get
              - update
            - apiGroups:
              - ""
              resources:
              - namespaces
              - pods
              - services
              - replicationcontrollers
              - persistentvolumeclaims
              - persistentvolumes
              verbs:
              - watch
              - list
              - get
            - apiGroups:
              - extensions
              resources:
              - replicasets
              - daemonsets
              verbs:
              - watch
              - list
              - get
            - apiGroups:
              - policy
              resources:
              - poddisruptionbudgets
              verbs:
              - watch
              - list
            - apiGroups:
              - apps
              resources:
              - statefulsets
              - replicasets
              - daemonsets
              verbs:
              - watch
              - list
              - get
            - apiGroups:
              - storage.k8s.io
              resources:
              - storageclasses
              - csinodes
              - csidrivers
              - csistoragecapacities
              verbs:
              - watch
              - list
              - get
            - apiGroups:
              - batch
              - extensions
              resources:
              - jobs
              verbs:
              - get
              - list
              - watch
              - patch
            - apiGroups:
              - coordination.k8s.io
              resources:
              - leases
              verbs:
              - create
            - apiGroups:
              - coordination.k8s.io
              resourceNames:
              - cluster-autoscaler
              resources:
              - leases
              verbs:
              - get
              - update
        EOT
      + yaml_incluster          = (sensitive value)
    }

  # kubectl_manifest.cluster_role_binding will be created
  + resource "kubectl_manifest" "cluster_role_binding" {
      + api_version             = "rbac.authorization.k8s.io/v1"
      + apply_only              = false
      + force_conflicts         = false
      + force_new               = false
      + id                      = (known after apply)
      + kind                    = "ClusterRoleBinding"
      + live_manifest_incluster = (sensitive value)
      + live_uid                = (known after apply)
      + name                    = "cluster-autoscaler"
      + namespace               = (known after apply)
      + server_side_apply       = false
      + uid                     = (known after apply)
      + validate_schema         = true
      + wait_for_rollout        = true
      + yaml_body               = (sensitive value)
      + yaml_body_parsed        = <<-EOT
            apiVersion: rbac.authorization.k8s.io/v1
            kind: ClusterRoleBinding
            metadata:
              labels:
                k8s-addon: cluster-autoscaler.addons.k8s.io
                k8s-app: cluster-autoscaler
              name: cluster-autoscaler
            roleRef:
              apiGroup: rbac.authorization.k8s.io
              kind: ClusterRole
              name: cluster-autoscaler
            subjects:
            - kind: ServiceAccount
              name: cluster-autoscaler
              namespace: kube-system
        EOT
      + yaml_incluster          = (sensitive value)
    }

  # kubectl_manifest.deployment will be created
  + resource "kubectl_manifest" "deployment" {
      + api_version             = (known after apply)
      + apply_only              = false
      + force_conflicts         = false
      + force_new               = false
      + id                      = (known after apply)
      + kind                    = (known after apply)
      + live_manifest_incluster = (sensitive value)
      + live_uid                = (known after apply)
      + name                    = (known after apply)
      + namespace               = (known after apply)
      + server_side_apply       = false
      + uid                     = (known after apply)
      + validate_schema         = true
      + wait_for_rollout        = true
      + yaml_body               = (sensitive value)
      + yaml_body_parsed        = (known after apply)
      + yaml_incluster          = (sensitive value)
    }

  # kubectl_manifest.role will be created
  + resource "kubectl_manifest" "role" {
      + api_version             = "rbac.authorization.k8s.io/v1"
      + apply_only              = false
      + force_conflicts         = false
      + force_new               = false
      + id                      = (known after apply)
      + kind                    = "Role"
      + live_manifest_incluster = (sensitive value)
      + live_uid                = (known after apply)
      + name                    = "cluster-autoscaler"
      + namespace               = "kube-system"
      + server_side_apply       = false
      + uid                     = (known after apply)
      + validate_schema         = true
      + wait_for_rollout        = true
      + yaml_body               = (sensitive value)
      + yaml_body_parsed        = <<-EOT
            apiVersion: rbac.authorization.k8s.io/v1
            kind: Role
            metadata:
              labels:
                k8s-addon: cluster-autoscaler.addons.k8s.io
                k8s-app: cluster-autoscaler
              name: cluster-autoscaler
              namespace: kube-system
            rules:
            - apiGroups:
              - ""
              resources:
              - configmaps
              verbs:
              - create
              - list
              - watch
            - apiGroups:
              - ""
              resourceNames:
              - cluster-autoscaler-status
              - cluster-autoscaler-priority-expander
              resources:
              - configmaps
              verbs:
              - delete
              - get
              - update
              - watch
        EOT
      + yaml_incluster          = (sensitive value)
    }

  # kubectl_manifest.role_binding will be created
  + resource "kubectl_manifest" "role_binding" {
      + api_version             = "rbac.authorization.k8s.io/v1"
      + apply_only              = false
      + force_conflicts         = false
      + force_new               = false
      + id                      = (known after apply)
      + kind                    = "RoleBinding"
      + live_manifest_incluster = (sensitive value)
      + live_uid                = (known after apply)
      + name                    = "cluster-autoscaler"
      + namespace               = "kube-system"
      + server_side_apply       = false
      + uid                     = (known after apply)
      + validate_schema         = true
      + wait_for_rollout        = true
      + yaml_body               = (sensitive value)
      + yaml_body_parsed        = <<-EOT
            apiVersion: rbac.authorization.k8s.io/v1
            kind: RoleBinding
            metadata:
              labels:
                k8s-addon: cluster-autoscaler.addons.k8s.io
                k8s-app: cluster-autoscaler
              name: cluster-autoscaler
              namespace: kube-system
            roleRef:
              apiGroup: rbac.authorization.k8s.io
              kind: Role
              name: cluster-autoscaler
            subjects:
            - kind: ServiceAccount
              name: cluster-autoscaler
              namespace: kube-system
        EOT
      + yaml_incluster          = (sensitive value)
    }

  # kubectl_manifest.service_account will be created
  + resource "kubectl_manifest" "service_account" {
      + api_version             = (known after apply)
      + apply_only              = false
      + force_conflicts         = false
      + force_new               = false
      + id                      = (known after apply)
      + kind                    = (known after apply)
      + live_manifest_incluster = (sensitive value)
      + live_uid                = (known after apply)
      + name                    = (known after apply)
      + namespace               = (known after apply)
      + server_side_apply       = false
      + uid                     = (known after apply)
      + validate_schema         = true
      + wait_for_rollout        = true
      + yaml_body               = (sensitive value)
      + yaml_body_parsed        = (known after apply)
      + yaml_incluster          = (sensitive value)
    }

  # module.allow_assume_eks_admins_iam_policy.aws_iam_policy.policy[0] will be created
  + resource "aws_iam_policy" "policy" {
      + arn         = (known after apply)
      + description = "IAM Policy"
      + id          = (known after apply)
      + name        = "allow-assume-eks-admin-iam-role"
      + path        = "/"
      + policy      = (known after apply)
      + policy_id   = (known after apply)
      + tags_all    = (known after apply)
    }

  # module.allow_eks_access_iam_policy.aws_iam_policy.policy[0] will be created
  + resource "aws_iam_policy" "policy" {
      + arn         = (known after apply)
      + description = "IAM Policy"
      + id          = (known after apply)
      + name        = "allow-eks-access"
      + path        = "/"
      + policy      = jsonencode(
            {
              + Statement = [
                  + {
                      + Action   = [
                          + "eks:DescribeCluster",
                        ]
                      + Effect   = "Allow"
                      + Resource = "*"
                    },
                ]
              + Version   = "2012-10-17"
            }
        )
      + policy_id   = (known after apply)
      + tags_all    = (known after apply)
    }

  # module.aws_load_balancer_controller_irsa_role.data.aws_iam_policy_document.this[0] will be read during apply
  # (config refers to values not yet known)
 <= data "aws_iam_policy_document" "this" {
      + id   = (known after apply)
      + json = (known after apply)

      + statement {
          + actions = [
              + "sts:AssumeRoleWithWebIdentity",
            ]
          + effect  = "Allow"

          + condition {
              + test     = "StringEquals"
              + values   = [
                  + "sts.amazonaws.com",
                ]
              + variable = (known after apply)
            }
          + condition {
              + test     = "StringEquals"
              + values   = [
                  + "system:serviceaccount:kube-system:aws-load-balancer-controller",
                ]
              + variable = (known after apply)
            }

          + principals {
              + identifiers = [
                  + (known after apply),
                ]
              + type        = "Federated"
            }
        }
    }

  # module.aws_load_balancer_controller_irsa_role.aws_iam_policy.load_balancer_controller[0] will be created
  + resource "aws_iam_policy" "load_balancer_controller" {
      + arn         = (known after apply)
      + description = "Provides permissions for AWS Load Balancer Controller addon"
      + id          = (known after apply)
      + name        = (known after apply)
      + name_prefix = "AmazonEKS_AWS_Load_Balancer_Controller-"
      + path        = "/"
      + policy      = jsonencode(
            {
              + Statement = [
                  + {
                      + Action    = "iam:CreateServiceLinkedRole"
                      + Condition = {
                          + StringEquals = {
                              + "iam:AWSServiceName" = "elasticloadbalancing.amazonaws.com"
                            }
                        }
                      + Effect    = "Allow"
                      + Resource  = "*"
                      + Sid       = ""
                    },
                  + {
                      + Action   = [
                          + "elasticloadbalancing:DescribeTargetHealth",
                          + "elasticloadbalancing:DescribeTargetGroups",
                          + "elasticloadbalancing:DescribeTargetGroupAttributes",
                          + "elasticloadbalancing:DescribeTags",
                          + "elasticloadbalancing:DescribeSSLPolicies",
                          + "elasticloadbalancing:DescribeRules",
                          + "elasticloadbalancing:DescribeLoadBalancers",
                          + "elasticloadbalancing:DescribeLoadBalancerAttributes",
                          + "elasticloadbalancing:DescribeListeners",
                          + "elasticloadbalancing:DescribeListenerCertificates",
                          + "ec2:GetCoipPoolUsage",
                          + "ec2:DescribeVpcs",
                          + "ec2:DescribeVpcPeeringConnections",
                          + "ec2:DescribeTags",
                          + "ec2:DescribeSubnets",
                          + "ec2:DescribeSecurityGroups",
                          + "ec2:DescribeNetworkInterfaces",
                          + "ec2:DescribeInternetGateways",
                          + "ec2:DescribeInstances",
                          + "ec2:DescribeCoipPools",
                          + "ec2:DescribeAvailabilityZones",
                          + "ec2:DescribeAddresses",
                          + "ec2:DescribeAccountAttributes",
                        ]
                      + Effect   = "Allow"
                      + Resource = "*"
                      + Sid      = ""
                    },
                  + {
                      + Action   = [
                          + "wafv2:GetWebACLForResource",
                          + "wafv2:GetWebACL",
                          + "wafv2:DisassociateWebACL",
                          + "wafv2:AssociateWebACL",
                          + "waf-regional:GetWebACLForResource",
                          + "waf-regional:GetWebACL",
                          + "waf-regional:DisassociateWebACL",
                          + "waf-regional:AssociateWebACL",
                          + "shield:GetSubscriptionState",
                          + "shield:DescribeProtection",
                          + "shield:DeleteProtection",
                          + "shield:CreateProtection",
                          + "iam:ListServerCertificates",
                          + "iam:GetServerCertificate",
                          + "cognito-idp:DescribeUserPoolClient",
                          + "acm:ListCertificates",
                          + "acm:DescribeCertificate",
                        ]
                      + Effect   = "Allow"
                      + Resource = "*"
                      + Sid      = ""
                    },
                  + {
                      + Action   = [
                          + "ec2:RevokeSecurityGroupIngress",
                          + "ec2:CreateSecurityGroup",
                          + "ec2:AuthorizeSecurityGroupIngress",
                        ]
                      + Effect   = "Allow"
                      + Resource = "*"
                      + Sid      = ""
                    },
                  + {
                      + Action    = "ec2:CreateTags"
                      + Condition = {
                          + Null         = {
                              + "aws:RequestTag/elbv2.k8s.aws/cluster" = "false"
                            }
                          + StringEquals = {
                              + "ec2:CreateAction" = "CreateSecurityGroup"
                            }
                        }
                      + Effect    = "Allow"
                      + Resource  = "arn:aws:ec2:*:*:security-group/*"
                      + Sid       = ""
                    },
                  + {
                      + Action    = [
                          + "ec2:DeleteTags",
                          + "ec2:CreateTags",
                        ]
                      + Condition = {
                          + Null = {
                              + "aws:RequestTag/elbv2.k8s.aws/cluster"  = "true"
                              + "aws:ResourceTag/elbv2.k8s.aws/cluster" = "false"
                            }
                        }
                      + Effect    = "Allow"
                      + Resource  = "arn:aws:ec2:*:*:security-group/*"
                      + Sid       = ""
                    },
                  + {
                      + Action    = [
                          + "ec2:RevokeSecurityGroupIngress",
                          + "ec2:DeleteSecurityGroup",
                          + "ec2:AuthorizeSecurityGroupIngress",
                        ]
                      + Condition = {
                          + Null = {
                              + "aws:ResourceTag/elbv2.k8s.aws/cluster" = "false"
                            }
                        }
                      + Effect    = "Allow"
                      + Resource  = "*"
                      + Sid       = ""
                    },
                  + {
                      + Action    = [
                          + "elasticloadbalancing:CreateTargetGroup",
                          + "elasticloadbalancing:CreateLoadBalancer",
                        ]
                      + Condition = {
                          + Null = {
                              + "aws:RequestTag/elbv2.k8s.aws/cluster" = "false"
                            }
                        }
                      + Effect    = "Allow"
                      + Resource  = "*"
                      + Sid       = ""
                    },
                  + {
                      + Action   = [
                          + "elasticloadbalancing:DeleteRule",
                          + "elasticloadbalancing:DeleteListener",
                          + "elasticloadbalancing:CreateRule",
                          + "elasticloadbalancing:CreateListener",
                        ]
                      + Effect   = "Allow"
                      + Resource = "*"
                      + Sid      = ""
                    },
                  + {
                      + Action    = [
                          + "elasticloadbalancing:RemoveTags",
                          + "elasticloadbalancing:AddTags",
                        ]
                      + Condition = {
                          + Null = {
                              + "aws:RequestTag/elbv2.k8s.aws/cluster"  = "true"
                              + "aws:ResourceTag/elbv2.k8s.aws/cluster" = "false"
                            }
                        }
                      + Effect    = "Allow"
                      + Resource  = [
                          + "arn:aws:elasticloadbalancing:*:*:targetgroup/*/*",
                          + "arn:aws:elasticloadbalancing:*:*:loadbalancer/net/*/*",
                          + "arn:aws:elasticloadbalancing:*:*:loadbalancer/app/*/*",
                        ]
                      + Sid       = ""
                    },
                  + {
                      + Action   = [
                          + "elasticloadbalancing:RemoveTags",
                          + "elasticloadbalancing:AddTags",
                        ]
                      + Effect   = "Allow"
                      + Resource = [
                          + "arn:aws:elasticloadbalancing:*:*:listener/net/*/*/*",
                          + "arn:aws:elasticloadbalancing:*:*:listener/app/*/*/*",
                          + "arn:aws:elasticloadbalancing:*:*:listener-rule/net/*/*/*",
                          + "arn:aws:elasticloadbalancing:*:*:listener-rule/app/*/*/*",
                        ]
                      + Sid      = ""
                    },
                  + {
                      + Action    = [
                          + "elasticloadbalancing:SetSubnets",
                          + "elasticloadbalancing:SetSecurityGroups",
                          + "elasticloadbalancing:SetIpAddressType",
                          + "elasticloadbalancing:ModifyTargetGroupAttributes",
                          + "elasticloadbalancing:ModifyTargetGroup",
                          + "elasticloadbalancing:ModifyLoadBalancerAttributes",
                          + "elasticloadbalancing:DeleteTargetGroup",
                          + "elasticloadbalancing:DeleteLoadBalancer",
                        ]
                      + Condition = {
                          + Null = {
                              + "aws:ResourceTag/elbv2.k8s.aws/cluster" = "false"
                            }
                        }
                      + Effect    = "Allow"
                      + Resource  = "*"
                      + Sid       = ""
                    },
                  + {
                      + Action   = [
                          + "elasticloadbalancing:RegisterTargets",
                          + "elasticloadbalancing:DeregisterTargets",
                        ]
                      + Effect   = "Allow"
                      + Resource = "arn:aws:elasticloadbalancing:*:*:targetgroup/*/*"
                      + Sid      = ""
                    },
                  + {
                      + Action   = [
                          + "elasticloadbalancing:SetWebAcl",
                          + "elasticloadbalancing:RemoveListenerCertificates",
                          + "elasticloadbalancing:ModifyRule",
                          + "elasticloadbalancing:ModifyListener",
                          + "elasticloadbalancing:AddListenerCertificates",
                        ]
                      + Effect   = "Allow"
                      + Resource = "*"
                      + Sid      = ""
                    },
                ]
              + Version   = "2012-10-17"
            }
        )
      + policy_id   = (known after apply)
      + tags_all    = (known after apply)
    }

  # module.aws_load_balancer_controller_irsa_role.aws_iam_role.this[0] will be created
  + resource "aws_iam_role" "this" {
      + arn                   = (known after apply)
      + assume_role_policy    = (known after apply)
      + create_date           = (known after apply)
      + force_detach_policies = true
      + id                    = (known after apply)
      + managed_policy_arns   = (known after apply)
      + max_session_duration  = 3600
      + name                  = "aws-load-balancer-controller"
      + name_prefix           = (known after apply)
      + path                  = "/"
      + tags_all              = (known after apply)
      + unique_id             = (known after apply)

      + inline_policy {
          + name   = (known after apply)
          + policy = (known after apply)
        }
    }

  # module.aws_load_balancer_controller_irsa_role.aws_iam_role_policy_attachment.load_balancer_controller[0] will be created
  + resource "aws_iam_role_policy_attachment" "load_balancer_controller" {
      + id         = (known after apply)
      + policy_arn = (known after apply)
      + role       = "aws-load-balancer-controller"
    }

  # module.cluster_autoscaler_irsa_role.data.aws_iam_policy_document.cluster_autoscaler[0] will be read during apply
  # (config refers to values not yet known)
 <= data "aws_iam_policy_document" "cluster_autoscaler" {
      + id   = (known after apply)
      + json = (known after apply)

      + statement {
          + actions   = [
              + "autoscaling:DescribeAutoScalingGroups",
              + "autoscaling:DescribeAutoScalingInstances",
              + "autoscaling:DescribeLaunchConfigurations",
              + "autoscaling:DescribeScalingActivities",
              + "autoscaling:DescribeTags",
              + "ec2:DescribeInstanceTypes",
              + "ec2:DescribeLaunchTemplateVersions",
              + "eks:DescribeNodegroup",
            ]
          + resources = [
              + "*",
            ]
        }
      + statement {
          + actions   = [
              + "autoscaling:SetDesiredCapacity",
              + "autoscaling:TerminateInstanceInAutoScalingGroup",
              + "autoscaling:UpdateAutoScalingGroup",
            ]
          + resources = [
              + "*",
            ]

          + condition {
              + test     = "StringEquals"
              + values   = [
                  + "owned",
                ]
              + variable = (known after apply)
            }
        }
    }

  # module.cluster_autoscaler_irsa_role.data.aws_iam_policy_document.this[0] will be read during apply
  # (config refers to values not yet known)
 <= data "aws_iam_policy_document" "this" {
      + id   = (known after apply)
      + json = (known after apply)

      + statement {
          + actions = [
              + "sts:AssumeRoleWithWebIdentity",
            ]
          + effect  = "Allow"

          + condition {
              + test     = "StringEquals"
              + values   = [
                  + "sts.amazonaws.com",
                ]
              + variable = (known after apply)
            }
          + condition {
              + test     = "StringEquals"
              + values   = [
                  + "system:serviceaccount:kube-system:cluster-autoscaler",
                ]
              + variable = (known after apply)
            }

          + principals {
              + identifiers = [
                  + (known after apply),
                ]
              + type        = "Federated"
            }
        }
    }

  # module.cluster_autoscaler_irsa_role.aws_iam_policy.cluster_autoscaler[0] will be created
  + resource "aws_iam_policy" "cluster_autoscaler" {
      + arn         = (known after apply)
      + description = "Cluster autoscaler policy to allow examination and modification of EC2 Auto Scaling Groups"
      + id          = (known after apply)
      + name        = (known after apply)
      + name_prefix = "AmazonEKS_Cluster_Autoscaler_Policy-"
      + path        = "/"
      + policy      = (known after apply)
      + policy_id   = (known after apply)
      + tags_all    = (known after apply)
    }

  # module.cluster_autoscaler_irsa_role.aws_iam_role.this[0] will be created
  + resource "aws_iam_role" "this" {
      + arn                   = (known after apply)
      + assume_role_policy    = (known after apply)
      + create_date           = (known after apply)
      + force_detach_policies = true
      + id                    = (known after apply)
      + managed_policy_arns   = (known after apply)
      + max_session_duration  = 3600
      + name                  = "cluster-autoscaler"
      + name_prefix           = (known after apply)
      + path                  = "/"
      + tags_all              = (known after apply)
      + unique_id             = (known after apply)

      + inline_policy {
          + name   = (known after apply)
          + policy = (known after apply)
        }
    }

  # module.cluster_autoscaler_irsa_role.aws_iam_role_policy_attachment.cluster_autoscaler[0] will be created
  + resource "aws_iam_role_policy_attachment" "cluster_autoscaler" {
      + id         = (known after apply)
      + policy_arn = (known after apply)
      + role       = "cluster-autoscaler"
    }

  # module.eks.data.tls_certificate.this[0] will be read during apply
  # (config refers to values not yet known)
 <= data "tls_certificate" "this" {
      + certificates = (known after apply)
      + id           = (known after apply)
      + url          = (known after apply)
    }

  # module.eks.aws_cloudwatch_log_group.this[0] will be created
  + resource "aws_cloudwatch_log_group" "this" {
      + arn               = (known after apply)
      + id                = (known after apply)
      + name              = "/aws/eks/gd5/cluster"
      + name_prefix       = (known after apply)
      + retention_in_days = 90
      + skip_destroy      = false
      + tags              = {
          + "Environment" = "staging"
          + "Github"      = "gd5"
        }
      + tags_all          = {
          + "Environment" = "staging"
          + "Github"      = "gd5"
        }
    }

  # module.eks.aws_ec2_tag.cluster_primary_security_group["Environment"] will be created
  + resource "aws_ec2_tag" "cluster_primary_security_group" {
      + id          = (known after apply)
      + key         = "Environment"
      + resource_id = (known after apply)
      + value       = "staging"
    }

  # module.eks.aws_ec2_tag.cluster_primary_security_group["Github"] will be created
  + resource "aws_ec2_tag" "cluster_primary_security_group" {
      + id          = (known after apply)
      + key         = "Github"
      + resource_id = (known after apply)
      + value       = "gd5"
    }

  # module.eks.aws_eks_cluster.this[0] will be created
  + resource "aws_eks_cluster" "this" {
      + arn                       = (known after apply)
      + certificate_authority     = (known after apply)
      + cluster_id                = (known after apply)
      + created_at                = (known after apply)
      + enabled_cluster_log_types = [
          + "api",
          + "audit",
          + "authenticator",
        ]
      + endpoint                  = (known after apply)
      + id                        = (known after apply)
      + identity                  = (known after apply)
      + name                      = "gd5"
      + platform_version          = (known after apply)
      + role_arn                  = (known after apply)
      + status                    = (known after apply)
      + tags                      = {
          + "Environment" = "staging"
          + "Github"      = "gd5"
        }
      + tags_all                  = {
          + "Environment" = "staging"
          + "Github"      = "gd5"
        }
      + version                   = "1.23"

      + kubernetes_network_config {
          + ip_family         = (known after apply)
          + service_ipv4_cidr = (known after apply)
          + service_ipv6_cidr = (known after apply)
        }

      + timeouts {}

      + vpc_config {
          + cluster_security_group_id = (known after apply)
          + endpoint_private_access   = true
          + endpoint_public_access    = true
          + public_access_cidrs       = [
              + "0.0.0.0/0",
            ]
          + security_group_ids        = (known after apply)
          + subnet_ids                = (known after apply)
          + vpc_id                    = (known after apply)
        }
    }

  # module.eks.aws_iam_openid_connect_provider.oidc_provider[0] will be created
  + resource "aws_iam_openid_connect_provider" "oidc_provider" {
      + arn             = (known after apply)
      + client_id_list  = [
          + "sts.amazonaws.com",
        ]
      + id              = (known after apply)
      + tags            = {
          + "Environment" = "staging"
          + "Github"      = "gd5"
          + "Name"        = "gd5-eks-irsa"
        }
      + tags_all        = {
          + "Environment" = "staging"
          + "Github"      = "gd5"
          + "Name"        = "gd5-eks-irsa"
        }
      + thumbprint_list = (known after apply)
      + url             = (known after apply)
    }

  # module.eks.aws_iam_role.this[0] will be created
  + resource "aws_iam_role" "this" {
      + arn                   = (known after apply)
      + assume_role_policy    = jsonencode(
            {
              + Statement = [
                  + {
                      + Action    = "sts:AssumeRole"
                      + Effect    = "Allow"
                      + Principal = {
                          + Service = "eks.amazonaws.com"
                        }
                      + Sid       = "EKSClusterAssumeRole"
                    },
                ]
              + Version   = "2012-10-17"
            }
        )
      + create_date           = (known after apply)
      + force_detach_policies = true
      + id                    = (known after apply)
      + managed_policy_arns   = (known after apply)
      + max_session_duration  = 3600
      + name                  = (known after apply)
      + name_prefix           = "gd5-cluster-"
      + path                  = "/"
      + tags                  = {
          + "Environment" = "staging"
          + "Github"      = "gd5"
        }
      + tags_all              = {
          + "Environment" = "staging"
          + "Github"      = "gd5"
        }
      + unique_id             = (known after apply)

      + inline_policy {
          + name   = "gd5-cluster"
          + policy = (known after apply)
        }
    }

  # module.eks.aws_iam_role_policy_attachment.this["arn:aws:iam::aws:policy/AmazonEKSClusterPolicy"] will be created
  + resource "aws_iam_role_policy_attachment" "this" {
      + id         = (known after apply)
      + policy_arn = "arn:aws:iam::aws:policy/AmazonEKSClusterPolicy"
      + role       = (known after apply)
    }

  # module.eks.aws_iam_role_policy_attachment.this["arn:aws:iam::aws:policy/AmazonEKSVPCResourceController"] will be created
  + resource "aws_iam_role_policy_attachment" "this" {
      + id         = (known after apply)
      + policy_arn = "arn:aws:iam::aws:policy/AmazonEKSVPCResourceController"
      + role       = (known after apply)
    }

  # module.eks.aws_security_group.cluster[0] will be created
  + resource "aws_security_group" "cluster" {
      + arn                    = (known after apply)
      + description            = "EKS cluster security group"
      + egress                 = (known after apply)
      + id                     = (known after apply)
      + ingress                = (known after apply)
      + name                   = (known after apply)
      + name_prefix            = "gd5-cluster-"
      + owner_id               = (known after apply)
      + revoke_rules_on_delete = false
      + tags                   = {
          + "Environment" = "staging"
          + "Github"      = "gd5"
          + "Name"        = "gd5-cluster"
        }
      + tags_all               = {
          + "Environment" = "staging"
          + "Github"      = "gd5"
          + "Name"        = "gd5-cluster"
        }
      + vpc_id                 = (known after apply)
    }

  # module.eks.aws_security_group.node[0] will be created
  + resource "aws_security_group" "node" {
      + arn                    = (known after apply)
      + description            = "EKS node shared security group"
      + egress                 = (known after apply)
      + id                     = (known after apply)
      + ingress                = (known after apply)
      + name                   = (known after apply)
      + name_prefix            = "gd5-node-"
      + owner_id               = (known after apply)
      + revoke_rules_on_delete = false
      + tags                   = {
          + "Environment"               = "staging"
          + "Github"                    = "gd5"
          + "Name"                      = "gd5-node"
          + "kubernetes.io/cluster/gd5" = "owned"
        }
      + tags_all               = {
          + "Environment"               = "staging"
          + "Github"                    = "gd5"
          + "Name"                      = "gd5-node"
          + "kubernetes.io/cluster/gd5" = "owned"
        }
      + vpc_id                 = (known after apply)
    }

  # module.eks.aws_security_group_rule.cluster["egress_nodes_443"] will be created
  + resource "aws_security_group_rule" "cluster" {
      + description              = "Cluster API to node groups"
      + from_port                = 443
      + id                       = (known after apply)
      + prefix_list_ids          = []
      + protocol                 = "tcp"
      + security_group_id        = (known after apply)
      + security_group_rule_id   = (known after apply)
      + self                     = false
      + source_security_group_id = (known after apply)
      + to_port                  = 443
      + type                     = "egress"
    }

  # module.eks.aws_security_group_rule.cluster["egress_nodes_kubelet"] will be created
  + resource "aws_security_group_rule" "cluster" {
      + description              = "Cluster API to node kubelets"
      + from_port                = 10250
      + id                       = (known after apply)
      + prefix_list_ids          = []
      + protocol                 = "tcp"
      + security_group_id        = (known after apply)
      + security_group_rule_id   = (known after apply)
      + self                     = false
      + source_security_group_id = (known after apply)
      + to_port                  = 10250
      + type                     = "egress"
    }

  # module.eks.aws_security_group_rule.cluster["ingress_nodes_443"] will be created
  + resource "aws_security_group_rule" "cluster" {
      + description              = "Node groups to cluster API"
      + from_port                = 443
      + id                       = (known after apply)
      + prefix_list_ids          = []
      + protocol                 = "tcp"
      + security_group_id        = (known after apply)
      + security_group_rule_id   = (known after apply)
      + self                     = false
      + source_security_group_id = (known after apply)
      + to_port                  = 443
      + type                     = "ingress"
    }

  # module.eks.aws_security_group_rule.node["egress_cluster_443"] will be created
  + resource "aws_security_group_rule" "node" {
      + description              = "Node groups to cluster API"
      + from_port                = 443
      + id                       = (known after apply)
      + prefix_list_ids          = []
      + protocol                 = "tcp"
      + security_group_id        = (known after apply)
      + security_group_rule_id   = (known after apply)
      + self                     = false
      + source_security_group_id = (known after apply)
      + to_port                  = 443
      + type                     = "egress"
    }

  # module.eks.aws_security_group_rule.node["egress_https"] will be created
  + resource "aws_security_group_rule" "node" {
      + cidr_blocks              = [
          + "0.0.0.0/0",
        ]
      + description              = "Egress all HTTPS to internet"
      + from_port                = 443
      + id                       = (known after apply)
      + prefix_list_ids          = []
      + protocol                 = "tcp"
      + security_group_id        = (known after apply)
      + security_group_rule_id   = (known after apply)
      + self                     = false
      + source_security_group_id = (known after apply)
      + to_port                  = 443
      + type                     = "egress"
    }

  # module.eks.aws_security_group_rule.node["egress_ntp_tcp"] will be created
  + resource "aws_security_group_rule" "node" {
      + cidr_blocks              = [
          + "0.0.0.0/0",
        ]
      + description              = "Egress NTP/TCP to internet"
      + from_port                = 123
      + id                       = (known after apply)
      + prefix_list_ids          = []
      + protocol                 = "tcp"
      + security_group_id        = (known after apply)
      + security_group_rule_id   = (known after apply)
      + self                     = false
      + source_security_group_id = (known after apply)
      + to_port                  = 123
      + type                     = "egress"
    }

  # module.eks.aws_security_group_rule.node["egress_ntp_udp"] will be created
  + resource "aws_security_group_rule" "node" {
      + cidr_blocks              = [
          + "0.0.0.0/0",
        ]
      + description              = "Egress NTP/UDP to internet"
      + from_port                = 123
      + id                       = (known after apply)
      + prefix_list_ids          = []
      + protocol                 = "udp"
      + security_group_id        = (known after apply)
      + security_group_rule_id   = (known after apply)
      + self                     = false
      + source_security_group_id = (known after apply)
      + to_port                  = 123
      + type                     = "egress"
    }

  # module.eks.aws_security_group_rule.node["egress_self_coredns_tcp"] will be created
  + resource "aws_security_group_rule" "node" {
      + description              = "Node to node CoreDNS"
      + from_port                = 53
      + id                       = (known after apply)
      + prefix_list_ids          = []
      + protocol                 = "tcp"
      + security_group_id        = (known after apply)
      + security_group_rule_id   = (known after apply)
      + self                     = true
      + source_security_group_id = (known after apply)
      + to_port                  = 53
      + type                     = "egress"
    }

  # module.eks.aws_security_group_rule.node["egress_self_coredns_udp"] will be created
  + resource "aws_security_group_rule" "node" {
      + description              = "Node to node CoreDNS"
      + from_port                = 53
      + id                       = (known after apply)
      + prefix_list_ids          = []
      + protocol                 = "udp"
      + security_group_id        = (known after apply)
      + security_group_rule_id   = (known after apply)
      + self                     = true
      + source_security_group_id = (known after apply)
      + to_port                  = 53
      + type                     = "egress"
    }

  # module.eks.aws_security_group_rule.node["ingress_allow_access_from_control_plane"] will be created
  + resource "aws_security_group_rule" "node" {
      + description              = "Allow access from control plane to webhook port of AWS load balancer controller"
      + from_port                = 9443
      + id                       = (known after apply)
      + prefix_list_ids          = []
      + protocol                 = "tcp"
      + security_group_id        = (known after apply)
      + security_group_rule_id   = (known after apply)
      + self                     = false
      + source_security_group_id = (known after apply)
      + to_port                  = 9443
      + type                     = "ingress"
    }

  # module.eks.aws_security_group_rule.node["ingress_cluster_443"] will be created
  + resource "aws_security_group_rule" "node" {
      + description              = "Cluster API to node groups"
      + from_port                = 443
      + id                       = (known after apply)
      + prefix_list_ids          = []
      + protocol                 = "tcp"
      + security_group_id        = (known after apply)
      + security_group_rule_id   = (known after apply)
      + self                     = false
      + source_security_group_id = (known after apply)
      + to_port                  = 443
      + type                     = "ingress"
    }

  # module.eks.aws_security_group_rule.node["ingress_cluster_kubelet"] will be created
  + resource "aws_security_group_rule" "node" {
      + description              = "Cluster API to node kubelets"
      + from_port                = 10250
      + id                       = (known after apply)
      + prefix_list_ids          = []
      + protocol                 = "tcp"
      + security_group_id        = (known after apply)
      + security_group_rule_id   = (known after apply)
      + self                     = false
      + source_security_group_id = (known after apply)
      + to_port                  = 10250
      + type                     = "ingress"
    }

  # module.eks.aws_security_group_rule.node["ingress_self_coredns_tcp"] will be created
  + resource "aws_security_group_rule" "node" {
      + description              = "Node to node CoreDNS"
      + from_port                = 53
      + id                       = (known after apply)
      + prefix_list_ids          = []
      + protocol                 = "tcp"
      + security_group_id        = (known after apply)
      + security_group_rule_id   = (known after apply)
      + self                     = true
      + source_security_group_id = (known after apply)
      + to_port                  = 53
      + type                     = "ingress"
    }

  # module.eks.aws_security_group_rule.node["ingress_self_coredns_udp"] will be created
  + resource "aws_security_group_rule" "node" {
      + description              = "Node to node CoreDNS"
      + from_port                = 53
      + id                       = (known after apply)
      + prefix_list_ids          = []
      + protocol                 = "udp"
      + security_group_id        = (known after apply)
      + security_group_rule_id   = (known after apply)
      + self                     = true
      + source_security_group_id = (known after apply)
      + to_port                  = 53
      + type                     = "ingress"
    }

  # module.eks.kubernetes_config_map_v1_data.aws_auth[0] will be created
  + resource "kubernetes_config_map_v1_data" "aws_auth" {
      + data          = (known after apply)
      + field_manager = "Terraform"
      + force         = true
      + id            = (known after apply)

      + metadata {
          + name      = "aws-auth"
          + namespace = "kube-system"
        }
    }

  # module.eks_admins_iam_group.aws_iam_group.this[0] will be created
  + resource "aws_iam_group" "this" {
      + arn       = (known after apply)
      + id        = (known after apply)
      + name      = "eks-admin"
      + path      = "/"
      + unique_id = (known after apply)
    }

  # module.eks_admins_iam_group.aws_iam_group_membership.this[0] will be created
  + resource "aws_iam_group_membership" "this" {
      + group = (known after apply)
      + id    = (known after apply)
      + name  = "eks-admin"
      + users = [
          + "user1",
        ]
    }

  # module.eks_admins_iam_group.aws_iam_group_policy_attachment.custom_arns[0] will be created
  + resource "aws_iam_group_policy_attachment" "custom_arns" {
      + group      = (known after apply)
      + id         = (known after apply)
      + policy_arn = (known after apply)
    }

  # module.eks_admins_iam_role.data.aws_iam_policy_document.assume_role[0] will be read during apply
  # (config refers to values not yet known)
 <= data "aws_iam_policy_document" "assume_role" {
      + id   = (known after apply)
      + json = (known after apply)

      + statement {
          + actions = [
              + "sts:AssumeRole",
            ]
          + effect  = "Allow"

          + principals {
              + identifiers = [
                  + (known after apply),
                ]
              + type        = "AWS"
            }
          + principals {
              + identifiers = []
              + type        = "Service"
            }
        }
    }

  # module.eks_admins_iam_role.aws_iam_role.this[0] will be created
  + resource "aws_iam_role" "this" {
      + arn                   = (known after apply)
      + assume_role_policy    = (known after apply)
      + create_date           = (known after apply)
      + force_detach_policies = false
      + id                    = (known after apply)
      + managed_policy_arns   = (known after apply)
      + max_session_duration  = 3600
      + name                  = "eks-admin"
      + name_prefix           = (known after apply)
      + path                  = "/"
      + tags_all              = (known after apply)
      + unique_id             = (known after apply)

      + inline_policy {
          + name   = (known after apply)
          + policy = (known after apply)
        }
    }

  # module.eks_admins_iam_role.aws_iam_role_policy_attachment.custom[0] will be created
  + resource "aws_iam_role_policy_attachment" "custom" {
      + id         = (known after apply)
      + policy_arn = (known after apply)
      + role       = "eks-admin"
    }

  # module.user1_iam_user.aws_iam_user.this[0] will be created
  + resource "aws_iam_user" "this" {
      + arn           = (known after apply)
      + force_destroy = true
      + id            = (known after apply)
      + name          = "user1"
      + path          = "/"
      + tags_all      = (known after apply)
      + unique_id     = (known after apply)
    }

  # module.vpc.aws_eip.nat[0] will be created
  + resource "aws_eip" "nat" {
      + allocation_id        = (known after apply)
      + association_id       = (known after apply)
      + carrier_ip           = (known after apply)
      + customer_owned_ip    = (known after apply)
      + domain               = (known after apply)
      + id                   = (known after apply)
      + instance             = (known after apply)
      + network_border_group = (known after apply)
      + network_interface    = (known after apply)
      + private_dns          = (known after apply)
      + private_ip           = (known after apply)
      + public_dns           = (known after apply)
      + public_ip            = (known after apply)
      + public_ipv4_pool     = (known after apply)
      + tags                 = {
          + "Environment" = "staging"
          + "Github"      = "gd5"
          + "Name"        = "main-us-east-2a"
        }
      + tags_all             = {
          + "Environment" = "staging"
          + "Github"      = "gd5"
          + "Name"        = "main-us-east-2a"
        }
      + vpc                  = true
    }

  # module.vpc.aws_internet_gateway.this[0] will be created
  + resource "aws_internet_gateway" "this" {
      + arn      = (known after apply)
      + id       = (known after apply)
      + owner_id = (known after apply)
      + tags     = {
          + "Environment" = "staging"
          + "Github"      = "gd5"
          + "Name"        = "main"
        }
      + tags_all = {
          + "Environment" = "staging"
          + "Github"      = "gd5"
          + "Name"        = "main"
        }
      + vpc_id   = (known after apply)
    }

  # module.vpc.aws_nat_gateway.this[0] will be created
  + resource "aws_nat_gateway" "this" {
      + allocation_id        = (known after apply)
      + connectivity_type    = "public"
      + id                   = (known after apply)
      + network_interface_id = (known after apply)
      + private_ip           = (known after apply)
      + public_ip            = (known after apply)
      + subnet_id            = (known after apply)
      + tags                 = {
          + "Environment" = "staging"
          + "Github"      = "gd5"
          + "Name"        = "main-us-east-2a"
        }
      + tags_all             = {
          + "Environment" = "staging"
          + "Github"      = "gd5"
          + "Name"        = "main-us-east-2a"
        }
    }

  # module.vpc.aws_route.private_nat_gateway[0] will be created
  + resource "aws_route" "private_nat_gateway" {
      + destination_cidr_block = "0.0.0.0/0"
      + id                     = (known after apply)
      + instance_id            = (known after apply)
      + instance_owner_id      = (known after apply)
      + nat_gateway_id         = (known after apply)
      + network_interface_id   = (known after apply)
      + origin                 = (known after apply)
      + route_table_id         = (known after apply)
      + state                  = (known after apply)

      + timeouts {
          + create = "5m"
        }
    }

  # module.vpc.aws_route.public_internet_gateway[0] will be created
  + resource "aws_route" "public_internet_gateway" {
      + destination_cidr_block = "0.0.0.0/0"
      + gateway_id             = (known after apply)
      + id                     = (known after apply)
      + instance_id            = (known after apply)
      + instance_owner_id      = (known after apply)
      + network_interface_id   = (known after apply)
      + origin                 = (known after apply)
      + route_table_id         = (known after apply)
      + state                  = (known after apply)

      + timeouts {
          + create = "5m"
        }
    }

  # module.vpc.aws_route_table.private[0] will be created
  + resource "aws_route_table" "private" {
      + arn              = (known after apply)
      + id               = (known after apply)
      + owner_id         = (known after apply)
      + propagating_vgws = (known after apply)
      + route            = (known after apply)
      + tags             = {
          + "Environment" = "staging"
          + "Github"      = "gd5"
          + "Name"        = "main-private"
        }
      + tags_all         = {
          + "Environment" = "staging"
          + "Github"      = "gd5"
          + "Name"        = "main-private"
        }
      + vpc_id           = (known after apply)
    }

  # module.vpc.aws_route_table.public[0] will be created
  + resource "aws_route_table" "public" {
      + arn              = (known after apply)
      + id               = (known after apply)
      + owner_id         = (known after apply)
      + propagating_vgws = (known after apply)
      + route            = (known after apply)
      + tags             = {
          + "Environment" = "staging"
          + "Github"      = "gd5"
          + "Name"        = "main-public"
        }
      + tags_all         = {
          + "Environment" = "staging"
          + "Github"      = "gd5"
          + "Name"        = "main-public"
        }
      + vpc_id           = (known after apply)
    }

  # module.vpc.aws_route_table_association.private[0] will be created
  + resource "aws_route_table_association" "private" {
      + id             = (known after apply)
      + route_table_id = (known after apply)
      + subnet_id      = (known after apply)
    }

  # module.vpc.aws_route_table_association.private[1] will be created
  + resource "aws_route_table_association" "private" {
      + id             = (known after apply)
      + route_table_id = (known after apply)
      + subnet_id      = (known after apply)
    }

  # module.vpc.aws_route_table_association.public[0] will be created
  + resource "aws_route_table_association" "public" {
      + id             = (known after apply)
      + route_table_id = (known after apply)
      + subnet_id      = (known after apply)
    }

  # module.vpc.aws_route_table_association.public[1] will be created
  + resource "aws_route_table_association" "public" {
      + id             = (known after apply)
      + route_table_id = (known after apply)
      + subnet_id      = (known after apply)
    }

  # module.vpc.aws_subnet.private[0] will be created
  + resource "aws_subnet" "private" {
      + arn                                            = (known after apply)
      + assign_ipv6_address_on_creation                = false
      + availability_zone                              = "us-east-2a"
      + availability_zone_id                           = (known after apply)
      + cidr_block                                     = "10.0.0.0/26"
      + enable_dns64                                   = false
      + enable_resource_name_dns_a_record_on_launch    = false
      + enable_resource_name_dns_aaaa_record_on_launch = false
      + id                                             = (known after apply)
      + ipv6_cidr_block_association_id                 = (known after apply)
      + ipv6_native                                    = false
      + map_public_ip_on_launch                        = false
      + owner_id                                       = (known after apply)
      + private_dns_hostname_type_on_launch            = (known after apply)
      + tags                                           = {
          + "Environment"                     = "staging"
          + "Github"                          = "gd5"
          + "Name"                            = "main-private-us-east-2a"
          + "kubernetes.io/role/internal-elb" = "1"
        }
      + tags_all                                       = {
          + "Environment"                     = "staging"
          + "Github"                          = "gd5"
          + "Name"                            = "main-private-us-east-2a"
          + "kubernetes.io/role/internal-elb" = "1"
        }
      + vpc_id                                         = (known after apply)
    }

  # module.vpc.aws_subnet.private[1] will be created
  + resource "aws_subnet" "private" {
      + arn                                            = (known after apply)
      + assign_ipv6_address_on_creation                = false
      + availability_zone                              = "us-east-2b"
      + availability_zone_id                           = (known after apply)
      + cidr_block                                     = "10.0.32.0/26"
      + enable_dns64                                   = false
      + enable_resource_name_dns_a_record_on_launch    = false
      + enable_resource_name_dns_aaaa_record_on_launch = false
      + id                                             = (known after apply)
      + ipv6_cidr_block_association_id                 = (known after apply)
      + ipv6_native                                    = false
      + map_public_ip_on_launch                        = false
      + owner_id                                       = (known after apply)
      + private_dns_hostname_type_on_launch            = (known after apply)
      + tags                                           = {
          + "Environment"                     = "staging"
          + "Github"                          = "gd5"
          + "Name"                            = "main-private-us-east-2b"
          + "kubernetes.io/role/internal-elb" = "1"
        }
      + tags_all                                       = {
          + "Environment"                     = "staging"
          + "Github"                          = "gd5"
          + "Name"                            = "main-private-us-east-2b"
          + "kubernetes.io/role/internal-elb" = "1"
        }
      + vpc_id                                         = (known after apply)
    }

  # module.vpc.aws_subnet.public[0] will be created
  + resource "aws_subnet" "public" {
      + arn                                            = (known after apply)
      + assign_ipv6_address_on_creation                = false
      + availability_zone                              = "us-east-2a"
      + availability_zone_id                           = (known after apply)
      + cidr_block                                     = "10.0.64.0/26"
      + enable_dns64                                   = false
      + enable_resource_name_dns_a_record_on_launch    = false
      + enable_resource_name_dns_aaaa_record_on_launch = false
      + id                                             = (known after apply)
      + ipv6_cidr_block_association_id                 = (known after apply)
      + ipv6_native                                    = false
      + map_public_ip_on_launch                        = true
      + owner_id                                       = (known after apply)
      + private_dns_hostname_type_on_launch            = (known after apply)
      + tags                                           = {
          + "Environment"            = "staging"
          + "Github"                 = "gd5"
          + "Name"                   = "main-public-us-east-2a"
          + "kubernetes.io/role/elb" = "1"
        }
      + tags_all                                       = {
          + "Environment"            = "staging"
          + "Github"                 = "gd5"
          + "Name"                   = "main-public-us-east-2a"
          + "kubernetes.io/role/elb" = "1"
        }
      + vpc_id                                         = (known after apply)
    }

  # module.vpc.aws_subnet.public[1] will be created
  + resource "aws_subnet" "public" {
      + arn                                            = (known after apply)
      + assign_ipv6_address_on_creation                = false
      + availability_zone                              = "us-east-2b"
      + availability_zone_id                           = (known after apply)
      + cidr_block                                     = "10.0.96.0/26"
      + enable_dns64                                   = false
      + enable_resource_name_dns_a_record_on_launch    = false
      + enable_resource_name_dns_aaaa_record_on_launch = false
      + id                                             = (known after apply)
      + ipv6_cidr_block_association_id                 = (known after apply)
      + ipv6_native                                    = false
      + map_public_ip_on_launch                        = true
      + owner_id                                       = (known after apply)
      + private_dns_hostname_type_on_launch            = (known after apply)
      + tags                                           = {
          + "Environment"            = "staging"
          + "Github"                 = "gd5"
          + "Name"                   = "main-public-us-east-2b"
          + "kubernetes.io/role/elb" = "1"
        }
      + tags_all                                       = {
          + "Environment"            = "staging"
          + "Github"                 = "gd5"
          + "Name"                   = "main-public-us-east-2b"
          + "kubernetes.io/role/elb" = "1"
        }
      + vpc_id                                         = (known after apply)
    }

  # module.vpc.aws_vpc.this[0] will be created
  + resource "aws_vpc" "this" {
      + arn                                  = (known after apply)
      + assign_generated_ipv6_cidr_block     = false
      + cidr_block                           = "10.0.0.0/24"
      + default_network_acl_id               = (known after apply)
      + default_route_table_id               = (known after apply)
      + default_security_group_id            = (known after apply)
      + dhcp_options_id                      = (known after apply)
      + enable_classiclink                   = (known after apply)
      + enable_classiclink_dns_support       = (known after apply)
      + enable_dns_hostnames                 = true
      + enable_dns_support                   = true
      + enable_network_address_usage_metrics = (known after apply)
      + id                                   = (known after apply)
      + instance_tenancy                     = "default"
      + ipv6_association_id                  = (known after apply)
      + ipv6_cidr_block                      = (known after apply)
      + ipv6_cidr_block_network_border_group = (known after apply)
      + main_route_table_id                  = (known after apply)
      + owner_id                             = (known after apply)
      + tags                                 = {
          + "Environment" = "staging"
          + "Github"      = "gd5"
          + "Name"        = "main"
        }
      + tags_all                             = {
          + "Environment" = "staging"
          + "Github"      = "gd5"
          + "Name"        = "main"
        }
    }

  # module.eks.module.eks_managed_node_group["general"].aws_eks_node_group.this[0] will be created
  + resource "aws_eks_node_group" "this" {
      + ami_type               = (known after apply)
      + arn                    = (known after apply)
      + capacity_type          = "ON_DEMAND"
      + cluster_name           = "gd5"
      + disk_size              = (known after apply)
      + id                     = (known after apply)
      + instance_types         = [
          + "t3.small",
        ]
      + labels                 = {
          + "Github" = "gd5"
          + "role"   = "general"
        }
      + node_group_name        = (known after apply)
      + node_group_name_prefix = "general-"
      + node_role_arn          = (known after apply)
      + release_version        = (known after apply)
      + resources              = (known after apply)
      + status                 = (known after apply)
      + subnet_ids             = (known after apply)
      + tags                   = {
          + "Environment" = "staging"
          + "Github"      = "gd5"
          + "Name"        = "general"
        }
      + tags_all               = {
          + "Environment" = "staging"
          + "Github"      = "gd5"
          + "Name"        = "general"
        }
      + version                = "1.23"

      + launch_template {
          + id      = (known after apply)
          + name    = (known after apply)
          + version = (known after apply)
        }

      + scaling_config {
          + desired_size = 1
          + max_size     = 10
          + min_size     = 1
        }

      + timeouts {}

      + update_config {
          + max_unavailable            = (known after apply)
          + max_unavailable_percentage = (known after apply)
        }
    }

  # module.eks.module.eks_managed_node_group["general"].aws_iam_role.this[0] will be created
  + resource "aws_iam_role" "this" {
      + arn                   = (known after apply)
      + assume_role_policy    = jsonencode(
            {
              + Statement = [
                  + {
                      + Action    = "sts:AssumeRole"
                      + Effect    = "Allow"
                      + Principal = {
                          + Service = "ec2.amazonaws.com"
                        }
                      + Sid       = "EKSNodeAssumeRole"
                    },
                ]
              + Version   = "2012-10-17"
            }
        )
      + create_date           = (known after apply)
      + description           = "EKS managed node group IAM role"
      + force_detach_policies = true
      + id                    = (known after apply)
      + managed_policy_arns   = (known after apply)
      + max_session_duration  = 3600
      + name                  = (known after apply)
      + name_prefix           = "general-eks-node-group-"
      + path                  = "/"
      + tags                  = {
          + "Environment" = "staging"
          + "Github"      = "gd5"
        }
      + tags_all              = {
          + "Environment" = "staging"
          + "Github"      = "gd5"
        }
      + unique_id             = (known after apply)

      + inline_policy {
          + name   = (known after apply)
          + policy = (known after apply)
        }
    }

  # module.eks.module.eks_managed_node_group["general"].aws_iam_role_policy_attachment.this["arn:aws:iam::aws:policy/AmazonEC2ContainerRegistryReadOnly"] will be created
  + resource "aws_iam_role_policy_attachment" "this" {
      + id         = (known after apply)
      + policy_arn = "arn:aws:iam::aws:policy/AmazonEC2ContainerRegistryReadOnly"
      + role       = (known after apply)
    }

  # module.eks.module.eks_managed_node_group["general"].aws_iam_role_policy_attachment.this["arn:aws:iam::aws:policy/AmazonEKSWorkerNodePolicy"] will be created
  + resource "aws_iam_role_policy_attachment" "this" {
      + id         = (known after apply)
      + policy_arn = "arn:aws:iam::aws:policy/AmazonEKSWorkerNodePolicy"
      + role       = (known after apply)
    }

  # module.eks.module.eks_managed_node_group["general"].aws_iam_role_policy_attachment.this["arn:aws:iam::aws:policy/AmazonEKS_CNI_Policy"] will be created
  + resource "aws_iam_role_policy_attachment" "this" {
      + id         = (known after apply)
      + policy_arn = "arn:aws:iam::aws:policy/AmazonEKS_CNI_Policy"
      + role       = (known after apply)
    }

  # module.eks.module.eks_managed_node_group["general"].aws_launch_template.this[0] will be created
  + resource "aws_launch_template" "this" {
      + arn                    = (known after apply)
      + default_version        = (known after apply)
      + description            = "Custom launch template for general EKS managed node group"
      + id                     = (known after apply)
      + latest_version         = (known after apply)
      + name                   = (known after apply)
      + name_prefix            = "general-"
      + tags                   = {
          + "Environment" = "staging"
          + "Github"      = "gd5"
        }
      + tags_all               = {
          + "Environment" = "staging"
          + "Github"      = "gd5"
        }
      + update_default_version = true
      + vpc_security_group_ids = (known after apply)

      + metadata_options {
          + http_endpoint               = "enabled"
          + http_protocol_ipv6          = "disabled"
          + http_put_response_hop_limit = 2
          + http_tokens                 = "required"
          + instance_metadata_tags      = "disabled"
        }

      + monitoring {
          + enabled = true
        }

      + tag_specifications {
          + resource_type = "instance"
          + tags          = {
              + "Environment" = "staging"
              + "Github"      = "gd5"
              + "Name"        = "general"
            }
        }
      + tag_specifications {
          + resource_type = "network-interface"
          + tags          = {
              + "Environment" = "staging"
              + "Github"      = "gd5"
              + "Name"        = "general"
            }
        }
      + tag_specifications {
          + resource_type = "volume"
          + tags          = {
              + "Environment" = "staging"
              + "Github"      = "gd5"
              + "Name"        = "general"
            }
        }
    }

  # module.eks.module.eks_managed_node_group["general"].aws_security_group.this[0] will be created
  + resource "aws_security_group" "this" {
      + arn                    = (known after apply)
      + description            = "EKS managed node group security group"
      + egress                 = (known after apply)
      + id                     = (known after apply)
      + ingress                = (known after apply)
      + name                   = (known after apply)
      + name_prefix            = "general-eks-node-group-"
      + owner_id               = (known after apply)
      + revoke_rules_on_delete = false
      + tags                   = {
          + "Environment" = "staging"
          + "Github"      = "gd5"
          + "Name"        = "general-eks-node-group"
        }
      + tags_all               = {
          + "Environment" = "staging"
          + "Github"      = "gd5"
          + "Name"        = "general-eks-node-group"
        }
      + vpc_id                 = (known after apply)
    }

  # module.eks.module.eks_managed_node_group["spot"].aws_eks_node_group.this[0] will be created
  + resource "aws_eks_node_group" "this" {
      + ami_type               = (known after apply)
      + arn                    = (known after apply)
      + capacity_type          = "SPOT"
      + cluster_name           = "gd5"
      + disk_size              = (known after apply)
      + id                     = (known after apply)
      + instance_types         = [
          + "t3.micro",
        ]
      + labels                 = {
          + "role" = "spot"
        }
      + node_group_name        = (known after apply)
      + node_group_name_prefix = "spot-"
      + node_role_arn          = (known after apply)
      + release_version        = (known after apply)
      + resources              = (known after apply)
      + status                 = (known after apply)
      + subnet_ids             = (known after apply)
      + tags                   = {
          + "Environment" = "staging"
          + "Github"      = "gd5"
          + "Name"        = "spot"
        }
      + tags_all               = {
          + "Environment" = "staging"
          + "Github"      = "gd5"
          + "Name"        = "spot"
        }
      + version                = "1.23"

      + launch_template {
          + id      = (known after apply)
          + name    = (known after apply)
          + version = (known after apply)
        }

      + scaling_config {
          + desired_size = 1
          + max_size     = 10
          + min_size     = 1
        }

      + taint {
          + effect = "NO_SCHEDULE"
          + key    = "market"
          + value  = "spot"
        }

      + timeouts {}

      + update_config {
          + max_unavailable            = (known after apply)
          + max_unavailable_percentage = (known after apply)
        }
    }

  # module.eks.module.eks_managed_node_group["spot"].aws_iam_role.this[0] will be created
  + resource "aws_iam_role" "this" {
      + arn                   = (known after apply)
      + assume_role_policy    = jsonencode(
            {
              + Statement = [
                  + {
                      + Action    = "sts:AssumeRole"
                      + Effect    = "Allow"
                      + Principal = {
                          + Service = "ec2.amazonaws.com"
                        }
                      + Sid       = "EKSNodeAssumeRole"
                    },
                ]
              + Version   = "2012-10-17"
            }
        )
      + create_date           = (known after apply)
      + description           = "EKS managed node group IAM role"
      + force_detach_policies = true
      + id                    = (known after apply)
      + managed_policy_arns   = (known after apply)
      + max_session_duration  = 3600
      + name                  = (known after apply)
      + name_prefix           = "spot-eks-node-group-"
      + path                  = "/"
      + tags                  = {
          + "Environment" = "staging"
          + "Github"      = "gd5"
        }
      + tags_all              = {
          + "Environment" = "staging"
          + "Github"      = "gd5"
        }
      + unique_id             = (known after apply)

      + inline_policy {
          + name   = (known after apply)
          + policy = (known after apply)
        }
    }

  # module.eks.module.eks_managed_node_group["spot"].aws_iam_role_policy_attachment.this["arn:aws:iam::aws:policy/AmazonEC2ContainerRegistryReadOnly"] will be created
  + resource "aws_iam_role_policy_attachment" "this" {
      + id         = (known after apply)
      + policy_arn = "arn:aws:iam::aws:policy/AmazonEC2ContainerRegistryReadOnly"
      + role       = (known after apply)
    }

  # module.eks.module.eks_managed_node_group["spot"].aws_iam_role_policy_attachment.this["arn:aws:iam::aws:policy/AmazonEKSWorkerNodePolicy"] will be created
  + resource "aws_iam_role_policy_attachment" "this" {
      + id         = (known after apply)
      + policy_arn = "arn:aws:iam::aws:policy/AmazonEKSWorkerNodePolicy"
      + role       = (known after apply)
    }

  # module.eks.module.eks_managed_node_group["spot"].aws_iam_role_policy_attachment.this["arn:aws:iam::aws:policy/AmazonEKS_CNI_Policy"] will be created
  + resource "aws_iam_role_policy_attachment" "this" {
      + id         = (known after apply)
      + policy_arn = "arn:aws:iam::aws:policy/AmazonEKS_CNI_Policy"
      + role       = (known after apply)
    }

  # module.eks.module.eks_managed_node_group["spot"].aws_launch_template.this[0] will be created
  + resource "aws_launch_template" "this" {
      + arn                    = (known after apply)
      + default_version        = (known after apply)
      + description            = "Custom launch template for spot EKS managed node group"
      + id                     = (known after apply)
      + latest_version         = (known after apply)
      + name                   = (known after apply)
      + name_prefix            = "spot-"
      + tags                   = {
          + "Environment" = "staging"
          + "Github"      = "gd5"
        }
      + tags_all               = {
          + "Environment" = "staging"
          + "Github"      = "gd5"
        }
      + update_default_version = true
      + vpc_security_group_ids = (known after apply)

      + metadata_options {
          + http_endpoint               = "enabled"
          + http_protocol_ipv6          = "disabled"
          + http_put_response_hop_limit = 2
          + http_tokens                 = "required"
          + instance_metadata_tags      = "disabled"
        }

      + monitoring {
          + enabled = true
        }

      + tag_specifications {
          + resource_type = "instance"
          + tags          = {
              + "Environment" = "staging"
              + "Github"      = "gd5"
              + "Name"        = "spot"
            }
        }
      + tag_specifications {
          + resource_type = "network-interface"
          + tags          = {
              + "Environment" = "staging"
              + "Github"      = "gd5"
              + "Name"        = "spot"
            }
        }
      + tag_specifications {
          + resource_type = "volume"
          + tags          = {
              + "Environment" = "staging"
              + "Github"      = "gd5"
              + "Name"        = "spot"
            }
        }
    }

  # module.eks.module.eks_managed_node_group["spot"].aws_security_group.this[0] will be created
  + resource "aws_security_group" "this" {
      + arn                    = (known after apply)
      + description            = "EKS managed node group security group"
      + egress                 = (known after apply)
      + id                     = (known after apply)
      + ingress                = (known after apply)
      + name                   = (known after apply)
      + name_prefix            = "spot-eks-node-group-"
      + owner_id               = (known after apply)
      + revoke_rules_on_delete = false
      + tags                   = {
          + "Environment" = "staging"
          + "Github"      = "gd5"
          + "Name"        = "spot-eks-node-group"
        }
      + tags_all               = {
          + "Environment" = "staging"
          + "Github"      = "gd5"
          + "Name"        = "spot-eks-node-group"
        }
      + vpc_id                 = (known after apply)
    }

Plan: 76 to add, 0 to change, 0 to destroy.

Warning: Value for undeclared variable

The root module does not declare a variable named "region" but a value was found in file "terraform.tfvars". If you meant to use this value, add a "variable" block to the configuration.

To silence these warnings, use TF_VAR_... environment variables to provide certain "global" settings to all configurations in your organization. To reduce the verbosity of these warnings, use the -compact-warnings option.

Warning: Value for undeclared variable

The root module does not declare a variable named "az_zones" but a value was found in file "terraform.tfvars". If you meant to use this value, add a "variable" block to the configuration.

To silence these warnings, use TF_VAR_... environment variables to provide certain "global" settings to all configurations in your organization. To reduce the verbosity of these warnings, use the -compact-warnings option.

Warning: Values for undeclared variables

In addition to the other similar warnings shown, 4 other variable(s) defined without being declared.

─────────────────────────────────────────────────────────────────────────────

Note: You didn't use the -out option to save this plan, so Terraform can't
guarantee to take exactly these actions if you run "terraform apply" now.
